
Microsoft Visual Studio Solution File, Format Version 12.00
# Visual Studio Version 16
VisualStudioVersion = 16.0.29926.136
MinimumVisualStudioVersion = 10.0.40219.1
Project("{9A19103F-16F7-4668-BE54-9A1E7A4F7556}") = "BlazorServer", "BlazorServer\BlazorServer.csproj", "{95C770E6-8548-431F-B0B0-8502D2019AB5}"
EndProject
Project("{FAE04EC0-301F-11D3-BF4B-00C04F79EFBC}") = "BlazorWebAssembly", "BlazorWebAssembly\BlazorWebAssembly.csproj", "{5D3C6257-506A-45C1-83CC-A576ECA0E74A}"
EndProject
Global
	GlobalSection(SolutionConfigurationPlatforms) = preSolution
		Debug|Any CPU = Debug|Any CPU
		Release|Any CPU = Release|Any CPU
	EndGlobalSection
	GlobalSection(ProjectConfigurationPlatforms) = postSolution
		{95C770E6-8548-431F-B0B0-8502D2019AB5}.Debug|Any CPU.ActiveCfg = Debug|Any CPU
		{95C770E6-8548-431F-B0B0-8502D2019AB5}.Debug|Any CPU.Build.0 = Debug|Any CPU
		{95C770E6-8548-431F-B0B0-8502D2019AB5}.Release|Any CPU.ActiveCfg = Release|Any CPU
		{95C770E6-8548-431F-B0B0-8502D2019AB5}.Release|Any CPU.Build.0 = Release|Any CPU
		{5D3C6257-506A-45C1-83CC-A576ECA0E74A}.Debug|Any CPU.ActiveCfg = Debug|Any CPU
		{5D3C6257-506A-45C1-83CC-A576ECA0E74A}.Debug|Any CPU.Build.0 = Debug|Any CPU
		{5D3C6257-506A-45C1-83CC-A576ECA0E74A}.Release|Any CPU.ActiveCfg = Release|Any CPU
		{5D3C6257-506A-45C1-83CC-A576ECA0E74A}.Release|Any CPU.Build.0 = Release|Any CPU
	EndGlobalSection
	GlobalSection(SolutionProperties) = preSolution
		HideSolutionNode = FALSE
	EndGlobalSection
	GlobalSection(ExtensibilityGlobals) = postSolution
		SolutionGuid = {3DA3BABF-BD98-4C11-9AA4-2E153454C6D4}
	EndGlobalSection
EndGlobal
